PODS:
  - Kingfisher (6.3.1)
  - SkeletonView (1.29.2)

DEPENDENCIES:
  - Kingfisher
  - SkeletonView

SPEC REPOS:
  trunk:
    - Kingfisher
    - SkeletonView

SPEC CHECKSUMS:
  Kingfisher: 016c8b653a35add51dd34a3aba36b580041acc74
  SkeletonView: 915a80ecc2b6421ab7ac0f0212321c0cc1406472

PODFILE CHECKSUM: d6537f70fc677cc0d5d59a415e9974246bd41c33

COCOAPODS: 1.11.3
