PODS:
  - Alamofire (5.6.2)
  - Kingfisher (6.3.1)
  - SkeletonView (1.29.2)

DEPENDENCIES:
  - Alamofire
  - Kingfisher
  - SkeletonView

SPEC REPOS:
  trunk:
    - Alamofire
    - Kingfisher
    - SkeletonView

SPEC CHECKSUMS:
  Alamofire: d368e1ff8a298e6dde360e35a3e68e6c610e7204
  Kingfisher: 016c8b653a35add51dd34a3aba36b580041acc74
  SkeletonView: 915a80ecc2b6421ab7ac0f0212321c0cc1406472

PODFILE CHECKSUM: 831f589b3e66cd070beae5d829c1d42dba5f7e6d

COCOAPODS: 1.11.3
