// !$*UTF8*$!
{
	archiveVersion = 1;
	classes = {
	};
	objectVersion = 55;
	objects = {

/* Begin PBXBuildFile section */
		3FC105B0425CD471470D657E /* Pods_RecipesAppDemo_RecipesAppDemoUITests.framework in Frameworks */ = {isa = PBXBuildFile; fileRef = AF4135136E6D4568C5F95816 /* Pods_RecipesAppDemo_RecipesAppDemoUITests.framework */; };
		7FAB542ACEB9201298DC248C /* Pods_RecipesAppDemo.framework in Frameworks */ = {isa = PBXBuildFile; fileRef = 6255610DEDF114DED90EFF25 /* Pods_RecipesAppDemo.framework */; };
		8597102428B0766B00A350BE /* AppDelegate.swift in Sources */ = {isa = PBXBuildFile; fileRef = 8597102328B0766B00A350BE /* AppDelegate.swift */; };
		8597102628B0766B00A350BE /* SceneDelegate.swift in Sources */ = {isa = PBXBuildFile; fileRef = 8597102528B0766B00A350BE /* SceneDelegate.swift */; };
		8597102828B0766B00A350BE /* ViewController.swift in Sources */ = {isa = PBXBuildFile; fileRef = 8597102728B0766B00A350BE /* ViewController.swift */; };
		8597102B28B0766B00A350BE /* Main.storyboard in Resources */ = {isa = PBXBuildFile; fileRef = 8597102928B0766B00A350BE /* Main.storyboard */; };
		8597102D28B0766C00A350BE /* Assets.xcassets in Resources */ = {isa = PBXBuildFile; fileRef = 8597102C28B0766C00A350BE /* Assets.xcassets */; };
		8597103028B0766C00A350BE /* LaunchScreen.storyboard in Resources */ = {isa = PBXBuildFile; fileRef = 8597102E28B0766C00A350BE /* LaunchScreen.storyboard */; };
		8597103B28B0766D00A350BE /* RecipesAppDemoTests.swift in Sources */ = {isa = PBXBuildFile; fileRef = 8597103A28B0766D00A350BE /* RecipesAppDemoTests.swift */; };
		8597104528B0766D00A350BE /* RecipesAppDemoUITests.swift in Sources */ = {isa = PBXBuildFile; fileRef = 8597104428B0766D00A350BE /* RecipesAppDemoUITests.swift */; };
		8597104728B0766D00A350BE /* RecipesAppDemoUITestsLaunchTests.swift in Sources */ = {isa = PBXBuildFile; fileRef = 8597104628B0766D00A350BE /* RecipesAppDemoUITestsLaunchTests.swift */; };
		85AD03DB28B13F7000BCD22F /* Settings.swift in Sources */ = {isa = PBXBuildFile; fileRef = 85AD03DA28B13F7000BCD22F /* Settings.swift */; };
		85AD03DE28B1403F00BCD22F /* RemoteValidator.swift in Sources */ = {isa = PBXBuildFile; fileRef = 85AD03DD28B1403F00BCD22F /* RemoteValidator.swift */; };
		85AD03E128B140A000BCD22F /* Product.swift in Sources */ = {isa = PBXBuildFile; fileRef = 85AD03E028B140A000BCD22F /* Product.swift */; };
		85AD03E328B140AA00BCD22F /* RemoteError.swift in Sources */ = {isa = PBXBuildFile; fileRef = 85AD03E228B140AA00BCD22F /* RemoteError.swift */; };
		85AD03E628B1427400BCD22F /* EdamamAPIRequest.swift in Sources */ = {isa = PBXBuildFile; fileRef = 85AD03E528B1427400BCD22F /* EdamamAPIRequest.swift */; };
		CF5A8A0583CF23048E62FCDF /* Pods_RecipesAppDemoTests.framework in Frameworks */ = {isa = PBXBuildFile; fileRef = E04DA5BFE2BCF163638E19D6 /* Pods_RecipesAppDemoTests.framework */; };
/* End PBXBuildFile section */

/* Begin PBXContainerItemProxy section */
		8597103728B0766D00A350BE /* PBXContainerItemProxy */ = {
			isa = PBXContainerItemProxy;
			containerPortal = 8597101828B0766B00A350BE /* Project object */;
			proxyType = 1;
			remoteGlobalIDString = 8597101F28B0766B00A350BE;
			remoteInfo = RecipesAppDemo;
		};
		8597104128B0766D00A350BE /* PBXContainerItemProxy */ = {
			isa = PBXContainerItemProxy;
			containerPortal = 8597101828B0766B00A350BE /* Project object */;
			proxyType = 1;
			remoteGlobalIDString = 8597101F28B0766B00A350BE;
			remoteInfo = RecipesAppDemo;
		};
/* End PBXContainerItemProxy section */

/* Begin PBXFileReference section */
		006EA9E20DB2CB85D727BDEA /* Pods-RecipesAppDemo-RecipesAppDemoUITests.debug.xcconfig */ = {isa = PBXFileReference; includeInIndex = 1; lastKnownFileType = text.xcconfig; name = "Pods-RecipesAppDemo-RecipesAppDemoUITests.debug.xcconfig"; path = "Target Support Files/Pods-RecipesAppDemo-RecipesAppDemoUITests/Pods-RecipesAppDemo-RecipesAppDemoUITests.debug.xcconfig"; sourceTree = "<group>"; };
		0A2D149AD5B5D0366AD69832 /* Pods-RecipesAppDemoTests.debug.xcconfig */ = {isa = PBXFileReference; includeInIndex = 1; lastKnownFileType = text.xcconfig; name = "Pods-RecipesAppDemoTests.debug.xcconfig"; path = "Target Support Files/Pods-RecipesAppDemoTests/Pods-RecipesAppDemoTests.debug.xcconfig"; sourceTree = "<group>"; };
		4C99F0D5FFDD3F79DAF3D0A1 /* Pods-RecipesAppDemo.debug.xcconfig */ = {isa = PBXFileReference; includeInIndex = 1; lastKnownFileType = text.xcconfig; name = "Pods-RecipesAppDemo.debug.xcconfig"; path = "Target Support Files/Pods-RecipesAppDemo/Pods-RecipesAppDemo.debug.xcconfig"; sourceTree = "<group>"; };
		59362CD07B81E66D67F396DE /* Pods-RecipesAppDemoTests.release.xcconfig */ = {isa = PBXFileReference; includeInIndex = 1; lastKnownFileType = text.xcconfig; name = "Pods-RecipesAppDemoTests.release.xcconfig"; path = "Target Support Files/Pods-RecipesAppDemoTests/Pods-RecipesAppDemoTests.release.xcconfig"; sourceTree = "<group>"; };
		6255610DEDF114DED90EFF25 /* Pods_RecipesAppDemo.framework */ = {isa = PBXFileReference; explicitFileType = wrapper.framework; includeInIndex = 0; path = Pods_RecipesAppDemo.framework; sourceTree = BUILT_PRODUCTS_DIR; };
		8597102028B0766B00A350BE /* RecipesAppDemo.app */ = {isa = PBXFileReference; explicitFileType = wrapper.application; includeInIndex = 0; path = RecipesAppDemo.app; sourceTree = BUILT_PRODUCTS_DIR; };
		8597102328B0766B00A350BE /* AppDelegate.swift */ = {isa = PBXFileReference; lastKnownFileType = sourcecode.swift; path = AppDelegate.swift; sourceTree = "<group>"; };
		8597102528B0766B00A350BE /* SceneDelegate.swift */ = {isa = PBXFileReference; lastKnownFileType = sourcecode.swift; path = SceneDelegate.swift; sourceTree = "<group>"; };
		8597102728B0766B00A350BE /* ViewController.swift */ = {isa = PBXFileReference; lastKnownFileType = sourcecode.swift; path = ViewController.swift; sourceTree = "<group>"; };
		8597102A28B0766B00A350BE /* Base */ = {isa = PBXFileReference; lastKnownFileType = file.storyboard; name = Base; path = Base.lproj/Main.storyboard; sourceTree = "<group>"; };
		8597102C28B0766C00A350BE /* Assets.xcassets */ = {isa = PBXFileReference; lastKnownFileType = folder.assetcatalog; path = Assets.xcassets; sourceTree = "<group>"; };
		8597102F28B0766C00A350BE /* Base */ = {isa = PBXFileReference; lastKnownFileType = file.storyboard; name = Base; path = Base.lproj/LaunchScreen.storyboard; sourceTree = "<group>"; };
		8597103128B0766C00A350BE /* Info.plist */ = {isa = PBXFileReference; lastKnownFileType = text.plist.xml; path = Info.plist; sourceTree = "<group>"; };
		8597103628B0766D00A350BE /* RecipesAppDemoTests.xctest */ = {isa = PBXFileReference; explicitFileType = wrapper.cfbundle; includeInIndex = 0; path = RecipesAppDemoTests.xctest; sourceTree = BUILT_PRODUCTS_DIR; };
		8597103A28B0766D00A350BE /* RecipesAppDemoTests.swift */ = {isa = PBXFileReference; lastKnownFileType = sourcecode.swift; path = RecipesAppDemoTests.swift; sourceTree = "<group>"; };
		8597104028B0766D00A350BE /* RecipesAppDemoUITests.xctest */ = {isa = PBXFileReference; explicitFileType = wrapper.cfbundle; includeInIndex = 0; path = RecipesAppDemoUITests.xctest; sourceTree = BUILT_PRODUCTS_DIR; };
		8597104428B0766D00A350BE /* RecipesAppDemoUITests.swift */ = {isa = PBXFileReference; lastKnownFileType = sourcecode.swift; path = RecipesAppDemoUITests.swift; sourceTree = "<group>"; };
		8597104628B0766D00A350BE /* RecipesAppDemoUITestsLaunchTests.swift */ = {isa = PBXFileReference; lastKnownFileType = sourcecode.swift; path = RecipesAppDemoUITestsLaunchTests.swift; sourceTree = "<group>"; };
		85AD03DA28B13F7000BCD22F /* Settings.swift */ = {isa = PBXFileReference; lastKnownFileType = sourcecode.swift; path = Settings.swift; sourceTree = "<group>"; };
		85AD03DD28B1403F00BCD22F /* RemoteValidator.swift */ = {isa = PBXFileReference; lastKnownFileType = sourcecode.swift; name = RemoteValidator.swift; path = ../../../../../RemoteValidator.swift; sourceTree = "<group>"; };
		85AD03E028B140A000BCD22F /* Product.swift */ = {isa = PBXFileReference; lastKnownFileType = sourcecode.swift; name = Product.swift; path = ../../../../../Product.swift; sourceTree = "<group>"; };
		85AD03E228B140AA00BCD22F /* RemoteError.swift */ = {isa = PBXFileReference; lastKnownFileType = sourcecode.swift; name = RemoteError.swift; path = ../../../../../RemoteError.swift; sourceTree = "<group>"; };
		85AD03E528B1427400BCD22F /* EdamamAPIRequest.swift */ = {isa = PBXFileReference; lastKnownFileType = sourcecode.swift; name = EdamamAPIRequest.swift; path = ../../../../../EdamamAPIRequest.swift; sourceTree = "<group>"; };
		AF4135136E6D4568C5F95816 /* Pods_RecipesAppDemo_RecipesAppDemoUITests.framework */ = {isa = PBXFileReference; explicitFileType = wrapper.framework; includeInIndex = 0; path = Pods_RecipesAppDemo_RecipesAppDemoUITests.framework; sourceTree = BUILT_PRODUCTS_DIR; };
		D966D883AD40A8249A3787B7 /* Pods-RecipesAppDemo.release.xcconfig */ = {isa = PBXFileReference; includeInIndex = 1; lastKnownFileType = text.xcconfig; name = "Pods-RecipesAppDemo.release.xcconfig"; path = "Target Support Files/Pods-RecipesAppDemo/Pods-RecipesAppDemo.release.xcconfig"; sourceTree = "<group>"; };
		E04DA5BFE2BCF163638E19D6 /* Pods_RecipesAppDemoTests.framework */ = {isa = PBXFileReference; explicitFileType = wrapper.framework; includeInIndex = 0; path = Pods_RecipesAppDemoTests.framework; sourceTree = BUILT_PRODUCTS_DIR; };
		FF84B0BA9E9C52AD1B3436CC /* Pods-RecipesAppDemo-RecipesAppDemoUITests.release.xcconfig */ = {isa = PBXFileReference; includeInIndex = 1; lastKnownFileType = text.xcconfig; name = "Pods-RecipesAppDemo-RecipesAppDemoUITests.release.xcconfig"; path = "Target Support Files/Pods-RecipesAppDemo-RecipesAppDemoUITests/Pods-RecipesAppDemo-RecipesAppDemoUITests.release.xcconfig"; sourceTree = "<group>"; };
/* End PBXFileReference section */

/* Begin PBXFrameworksBuildPhase section */
		8597101D28B0766B00A350BE /* Frameworks */ = {
			isa = PBXFrameworksBuildPhase;
			buildActionMask = 2147483647;
			files = (
				7FAB542ACEB9201298DC248C /* Pods_RecipesAppDemo.framework in Frameworks */,
			);
			runOnlyForDeploymentPostprocessing = 0;
		};
		8597103328B0766D00A350BE /* Frameworks */ = {
			isa = PBXFrameworksBuildPhase;
			buildActionMask = 2147483647;
			files = (
				CF5A8A0583CF23048E62FCDF /* Pods_RecipesAppDemoTests.framework in Frameworks */,
			);
			runOnlyForDeploymentPostprocessing = 0;
		};
		8597103D28B0766D00A350BE /* Frameworks */ = {
			isa = PBXFrameworksBuildPhase;
			buildActionMask = 2147483647;
			files = (
				3FC105B0425CD471470D657E /* Pods_RecipesAppDemo_RecipesAppDemoUITests.framework in Frameworks */,
			);
			runOnlyForDeploymentPostprocessing = 0;
		};
/* End PBXFrameworksBuildPhase section */

/* Begin PBXGroup section */
		00B7151DB74C144F1B987BA8 /* Pods */ = {
			isa = PBXGroup;
			children = (
				4C99F0D5FFDD3F79DAF3D0A1 /* Pods-RecipesAppDemo.debug.xcconfig */,
				D966D883AD40A8249A3787B7 /* Pods-RecipesAppDemo.release.xcconfig */,
				006EA9E20DB2CB85D727BDEA /* Pods-RecipesAppDemo-RecipesAppDemoUITests.debug.xcconfig */,
				FF84B0BA9E9C52AD1B3436CC /* Pods-RecipesAppDemo-RecipesAppDemoUITests.release.xcconfig */,
				0A2D149AD5B5D0366AD69832 /* Pods-RecipesAppDemoTests.debug.xcconfig */,
				59362CD07B81E66D67F396DE /* Pods-RecipesAppDemoTests.release.xcconfig */,
			);
			path = Pods;
			sourceTree = "<group>";
		};
		4B509E665EF50E80B247E536 /* Frameworks */ = {
			isa = PBXGroup;
			children = (
				6255610DEDF114DED90EFF25 /* Pods_RecipesAppDemo.framework */,
				AF4135136E6D4568C5F95816 /* Pods_RecipesAppDemo_RecipesAppDemoUITests.framework */,
				E04DA5BFE2BCF163638E19D6 /* Pods_RecipesAppDemoTests.framework */,
			);
			name = Frameworks;
			sourceTree = "<group>";
		};
		8597101728B0766B00A350BE = {
			isa = PBXGroup;
			children = (
				8597102228B0766B00A350BE /* RecipesAppDemo */,
				8597103928B0766D00A350BE /* RecipesAppDemoTests */,
				8597104328B0766D00A350BE /* RecipesAppDemoUITests */,
				8597102128B0766B00A350BE /* Products */,
				00B7151DB74C144F1B987BA8 /* Pods */,
				4B509E665EF50E80B247E536 /* Frameworks */,
			);
			sourceTree = "<group>";
		};
		8597102128B0766B00A350BE /* Products */ = {
			isa = PBXGroup;
			children = (
				8597102028B0766B00A350BE /* RecipesAppDemo.app */,
				8597103628B0766D00A350BE /* RecipesAppDemoTests.xctest */,
				8597104028B0766D00A350BE /* RecipesAppDemoUITests.xctest */,
			);
			name = Products;
			sourceTree = "<group>";
		};
		8597102228B0766B00A350BE /* RecipesAppDemo */ = {
			isa = PBXGroup;
			children = (
				85AD03D628B13DCC00BCD22F /* NetworkCorner */,
				85AD03D528B13DC500BCD22F /* Scenes */,
				85AD03D428B13DBE00BCD22F /* Utilities */,
				85AD03D328B13DB900BCD22F /* Core */,
				8597102728B0766B00A350BE /* ViewController.swift */,
				8597103128B0766C00A350BE /* Info.plist */,
			);
			path = RecipesAppDemo;
			sourceTree = "<group>";
		};
		8597103928B0766D00A350BE /* RecipesAppDemoTests */ = {
			isa = PBXGroup;
			children = (
				8597103A28B0766D00A350BE /* RecipesAppDemoTests.swift */,
			);
			path = RecipesAppDemoTests;
			sourceTree = "<group>";
		};
		8597104328B0766D00A350BE /* RecipesAppDemoUITests */ = {
			isa = PBXGroup;
			children = (
				8597104428B0766D00A350BE /* RecipesAppDemoUITests.swift */,
				8597104628B0766D00A350BE /* RecipesAppDemoUITestsLaunchTests.swift */,
			);
			path = RecipesAppDemoUITests;
			sourceTree = "<group>";
		};
		85AD03D328B13DB900BCD22F /* Core */ = {
			isa = PBXGroup;
			children = (
				8597102328B0766B00A350BE /* AppDelegate.swift */,
				8597102528B0766B00A350BE /* SceneDelegate.swift */,
			);
			path = Core;
			sourceTree = "<group>";
		};
		85AD03D428B13DBE00BCD22F /* Utilities */ = {
			isa = PBXGroup;
			children = (
				8597102928B0766B00A350BE /* Main.storyboard */,
				8597102C28B0766C00A350BE /* Assets.xcassets */,
				8597102E28B0766C00A350BE /* LaunchScreen.storyboard */,
			);
			path = Utilities;
			sourceTree = "<group>";
		};
		85AD03D528B13DC500BCD22F /* Scenes */ = {
			isa = PBXGroup;
			children = (
				85AD03D728B13E4F00BCD22F /* ProductsPage */,
				85AD03D828B13E9400BCD22F /* ProductDetailsPage */,
			);
			path = Scenes;
			sourceTree = "<group>";
		};
		85AD03D628B13DCC00BCD22F /* NetworkCorner */ = {
			isa = PBXGroup;
			children = (
				85AD03E428B1421D00BCD22F /* Requests */,
				85AD03DF28B1408100BCD22F /* Models */,
				85AD03DC28B1402A00BCD22F /* Validators */,
				85AD03D928B13F6300BCD22F /* Settigns */,
			);
			path = NetworkCorner;
			sourceTree = "<group>";
		};
		85AD03D728B13E4F00BCD22F /* ProductsPage */ = {
			isa = PBXGroup;
			children = (
			);
			path = ProductsPage;
			sourceTree = "<group>";
		};
		85AD03D828B13E9400BCD22F /* ProductDetailsPage */ = {
			isa = PBXGroup;
			children = (
			);
			path = ProductDetailsPage;
			sourceTree = "<group>";
		};
		85AD03D928B13F6300BCD22F /* Settigns */ = {
			isa = PBXGroup;
			children = (
				85AD03DA28B13F7000BCD22F /* Settings.swift */,
			);
			path = Settigns;
			sourceTree = "<group>";
		};
		85AD03DC28B1402A00BCD22F /* Validators */ = {
			isa = PBXGroup;
			children = (
				85AD03DD28B1403F00BCD22F /* RemoteValidator.swift */,
			);
			path = Validators;
			sourceTree = "<group>";
		};
		85AD03DF28B1408100BCD22F /* Models */ = {
			isa = PBXGroup;
			children = (
				85AD03E028B140A000BCD22F /* Product.swift */,
				85AD03E228B140AA00BCD22F /* RemoteError.swift */,
			);
			path = Models;
			sourceTree = "<group>";
		};
		85AD03E428B1421D00BCD22F /* Requests */ = {
			isa = PBXGroup;
			children = (
				85AD03E528B1427400BCD22F /* EdamamAPIRequest.swift */,
			);
			path = Requests;
			sourceTree = "<group>";
		};
/* End PBXGroup section */

/* Begin PBXNativeTarget section */
		8597101F28B0766B00A350BE /* RecipesAppDemo */ = {
			isa = PBXNativeTarget;
			buildConfigurationList = 8597104A28B0766D00A350BE /* Build configuration list for PBXNativeTarget "RecipesAppDemo" */;
			buildPhases = (
				9FFE76FBBD5AA392692AD14D /* [CP] Check Pods Manifest.lock */,
				8597101C28B0766B00A350BE /* Sources */,
				8597101D28B0766B00A350BE /* Frameworks */,
				8597101E28B0766B00A350BE /* Resources */,
				EB492C4A147E6B8BF4D12470 /* [CP] Embed Pods Frameworks */,
			);
			buildRules = (
			);
			dependencies = (
			);
			name = RecipesAppDemo;
			productName = RecipesAppDemo;
			productReference = 8597102028B0766B00A350BE /* RecipesAppDemo.app */;
			productType = "com.apple.product-type.application";
		};
		8597103528B0766D00A350BE /* RecipesAppDemoTests */ = {
			isa = PBXNativeTarget;
			buildConfigurationList = 8597104D28B0766D00A350BE /* Build configuration list for PBXNativeTarget "RecipesAppDemoTests" */;
			buildPhases = (
				A177DAD9B722E88A1DCDF966 /* [CP] Check Pods Manifest.lock */,
				8597103228B0766D00A350BE /* Sources */,
				8597103328B0766D00A350BE /* Frameworks */,
				8597103428B0766D00A350BE /* Resources */,
			);
			buildRules = (
			);
			dependencies = (
				8597103828B0766D00A350BE /* PBXTargetDependency */,
			);
			name = RecipesAppDemoTests;
			productName = RecipesAppDemoTests;
			productReference = 8597103628B0766D00A350BE /* RecipesAppDemoTests.xctest */;
			productType = "com.apple.product-type.bundle.unit-test";
		};
		8597103F28B0766D00A350BE /* RecipesAppDemoUITests */ = {
			isa = PBXNativeTarget;
			buildConfigurationList = 8597105028B0766D00A350BE /* Build configuration list for PBXNativeTarget "RecipesAppDemoUITests" */;
			buildPhases = (
				804A8C5F7240E1EF5ED51EEC /* [CP] Check Pods Manifest.lock */,
				8597103C28B0766D00A350BE /* Sources */,
				8597103D28B0766D00A350BE /* Frameworks */,
				8597103E28B0766D00A350BE /* Resources */,
				B92A4FD62D907D2D395F4F91 /* [CP] Embed Pods Frameworks */,
			);
			buildRules = (
			);
			dependencies = (
				8597104228B0766D00A350BE /* PBXTargetDependency */,
			);
			name = RecipesAppDemoUITests;
			productName = RecipesAppDemoUITests;
			productReference = 8597104028B0766D00A350BE /* RecipesAppDemoUITests.xctest */;
			productType = "com.apple.product-type.bundle.ui-testing";
		};
/* End PBXNativeTarget section */

/* Begin PBXProject section */
		8597101828B0766B00A350BE /* Project object */ = {
			isa = PBXProject;
			attributes = {
				BuildIndependentTargetsInParallel = 1;
				LastSwiftUpdateCheck = 1340;
				LastUpgradeCheck = 1340;
				TargetAttributes = {
					8597101F28B0766B00A350BE = {
						CreatedOnToolsVersion = 13.4.1;
					};
					8597103528B0766D00A350BE = {
						CreatedOnToolsVersion = 13.4.1;
						TestTargetID = 8597101F28B0766B00A350BE;
					};
					8597103F28B0766D00A350BE = {
						CreatedOnToolsVersion = 13.4.1;
						TestTargetID = 8597101F28B0766B00A350BE;
					};
				};
			};
			buildConfigurationList = 8597101B28B0766B00A350BE /* Build configuration list for PBXProject "RecipesAppDemo" */;
			compatibilityVersion = "Xcode 13.0";
			developmentRegion = en;
			hasScannedForEncodings = 0;
			knownRegions = (
				en,
				Base,
			);
			mainGroup = 8597101728B0766B00A350BE;
			productRefGroup = 8597102128B0766B00A350BE /* Products */;
			projectDirPath = "";
			projectRoot = "";
			targets = (
				8597101F28B0766B00A350BE /* RecipesAppDemo */,
				8597103528B0766D00A350BE /* RecipesAppDemoTests */,
				8597103F28B0766D00A350BE /* RecipesAppDemoUITests */,
			);
		};
/* End PBXProject section */

/* Begin PBXResourcesBuildPhase section */
		8597101E28B0766B00A350BE /* Resources */ = {
			isa = PBXResourcesBuildPhase;
			buildActionMask = 2147483647;
			files = (
				8597103028B0766C00A350BE /* LaunchScreen.storyboard in Resources */,
				8597102D28B0766C00A350BE /* Assets.xcassets in Resources */,
				8597102B28B0766B00A350BE /* Main.storyboard in Resources */,
			);
			runOnlyForDeploymentPostprocessing = 0;
		};
		8597103428B0766D00A350BE /* Resources */ = {
			isa = PBXResourcesBuildPhase;
			buildActionMask = 2147483647;
			files = (
			);
			runOnlyForDeploymentPostprocessing = 0;
		};
		8597103E28B0766D00A350BE /* Resources */ = {
			isa = PBXResourcesBuildPhase;
			buildActionMask = 2147483647;
			files = (
			);
			runOnlyForDeploymentPostprocessing = 0;
		};
/* End PBXResourcesBuildPhase section */

/* Begin PBXShellScriptBuildPhase section */
		804A8C5F7240E1EF5ED51EEC /* [CP] Check Pods Manifest.lock */ = {
			isa = PBXShellScriptBuildPhase;
			buildActionMask = 2147483647;
			files = (
			);
			inputFileListPaths = (
			);
			inputPaths = (
				"${PODS_PODFILE_DIR_PATH}/Podfile.lock",
				"${PODS_ROOT}/Manifest.lock",
			);
			name = "[CP] Check Pods Manifest.lock";
			outputFileListPaths = (
			);
			outputPaths = (
				"$(DERIVED_FILE_DIR)/Pods-RecipesAppDemo-RecipesAppDemoUITests-checkManifestLockResult.txt",
			);
			runOnlyForDeploymentPostprocessing = 0;
			shellPath = /bin/sh;
			shellScript = "diff \"${PODS_PODFILE_DIR_PATH}/Podfile.lock\" \"${PODS_ROOT}/Manifest.lock\" > /dev/null\nif [ $? != 0 ] ; then\n    # print error to STDERR\n    echo \"error: The sandbox is not in sync with the Podfile.lock. Run 'pod install' or update your CocoaPods installation.\" >&2\n    exit 1\nfi\n# This output is used by Xcode 'outputs' to avoid re-running this script phase.\necho \"SUCCESS\" > \"${SCRIPT_OUTPUT_FILE_0}\"\n";
			showEnvVarsInLog = 0;
		};
		9FFE76FBBD5AA392692AD14D /* [CP] Check Pods Manifest.lock */ = {
			isa = PBXShellScriptBuildPhase;
			buildActionMask = 2147483647;
			files = (
			);
			inputFileListPaths = (
			);
			inputPaths = (
				"${PODS_PODFILE_DIR_PATH}/Podfile.lock",
				"${PODS_ROOT}/Manifest.lock",
			);
			name = "[CP] Check Pods Manifest.lock";
			outputFileListPaths = (
			);
			outputPaths = (
				"$(DERIVED_FILE_DIR)/Pods-RecipesAppDemo-checkManifestLockResult.txt",
			);
			runOnlyForDeploymentPostprocessing = 0;
			shellPath = /bin/sh;
			shellScript = "diff \"${PODS_PODFILE_DIR_PATH}/Podfile.lock\" \"${PODS_ROOT}/Manifest.lock\" > /dev/null\nif [ $? != 0 ] ; then\n    # print error to STDERR\n    echo \"error: The sandbox is not in sync with the Podfile.lock. Run 'pod install' or update your CocoaPods installation.\" >&2\n    exit 1\nfi\n# This output is used by Xcode 'outputs' to avoid re-running this script phase.\necho \"SUCCESS\" > \"${SCRIPT_OUTPUT_FILE_0}\"\n";
			showEnvVarsInLog = 0;
		};
		A177DAD9B722E88A1DCDF966 /* [CP] Check Pods Manifest.lock */ = {
			isa = PBXShellScriptBuildPhase;
			buildActionMask = 2147483647;
			files = (
			);
			inputFileListPaths = (
			);
			inputPaths = (
				"${PODS_PODFILE_DIR_PATH}/Podfile.lock",
				"${PODS_ROOT}/Manifest.lock",
			);
			name = "[CP] Check Pods Manifest.lock";
			outputFileListPaths = (
			);
			outputPaths = (
				"$(DERIVED_FILE_DIR)/Pods-RecipesAppDemoTests-checkManifestLockResult.txt",
			);
			runOnlyForDeploymentPostprocessing = 0;
			shellPath = /bin/sh;
			shellScript = "diff \"${PODS_PODFILE_DIR_PATH}/Podfile.lock\" \"${PODS_ROOT}/Manifest.lock\" > /dev/null\nif [ $? != 0 ] ; then\n    # print error to STDERR\n    echo \"error: The sandbox is not in sync with the Podfile.lock. Run 'pod install' or update your CocoaPods installation.\" >&2\n    exit 1\nfi\n# This output is used by Xcode 'outputs' to avoid re-running this script phase.\necho \"SUCCESS\" > \"${SCRIPT_OUTPUT_FILE_0}\"\n";
			showEnvVarsInLog = 0;
		};
		B92A4FD62D907D2D395F4F91 /* [CP] Embed Pods Frameworks */ = {
			isa = PBXShellScriptBuildPhase;
			buildActionMask = 2147483647;
			files = (
			);
			inputFileListPaths = (
				"${PODS_ROOT}/Target Support Files/Pods-RecipesAppDemo-RecipesAppDemoUITests/Pods-RecipesAppDemo-RecipesAppDemoUITests-frameworks-${CONFIGURATION}-input-files.xcfilelist",
			);
			name = "[CP] Embed Pods Frameworks";
			outputFileListPaths = (
				"${PODS_ROOT}/Target Support Files/Pods-RecipesAppDemo-RecipesAppDemoUITests/Pods-RecipesAppDemo-RecipesAppDemoUITests-frameworks-${CONFIGURATION}-output-files.xcfilelist",
			);
			runOnlyForDeploymentPostprocessing = 0;
			shellPath = /bin/sh;
			shellScript = "\"${PODS_ROOT}/Target Support Files/Pods-RecipesAppDemo-RecipesAppDemoUITests/Pods-RecipesAppDemo-RecipesAppDemoUITests-frameworks.sh\"\n";
			showEnvVarsInLog = 0;
		};
		EB492C4A147E6B8BF4D12470 /* [CP] Embed Pods Frameworks */ = {
			isa = PBXShellScriptBuildPhase;
			buildActionMask = 2147483647;
			files = (
			);
			inputFileListPaths = (
				"${PODS_ROOT}/Target Support Files/Pods-RecipesAppDemo/Pods-RecipesAppDemo-frameworks-${CONFIGURATION}-input-files.xcfilelist",
			);
			name = "[CP] Embed Pods Frameworks";
			outputFileListPaths = (
				"${PODS_ROOT}/Target Support Files/Pods-RecipesAppDemo/Pods-RecipesAppDemo-frameworks-${CONFIGURATION}-output-files.xcfilelist",
			);
			runOnlyForDeploymentPostprocessing = 0;
			shellPath = /bin/sh;
			shellScript = "\"${PODS_ROOT}/Target Support Files/Pods-RecipesAppDemo/Pods-RecipesAppDemo-frameworks.sh\"\n";
			showEnvVarsInLog = 0;
		};
/* End PBXShellScriptBuildPhase section */

/* Begin PBXSourcesBuildPhase section */
		8597101C28B0766B00A350BE /* Sources */ = {
			isa = PBXSourcesBuildPhase;
			buildActionMask = 2147483647;
			files = (
				85AD03DE28B1403F00BCD22F /* RemoteValidator.swift in Sources */,
				85AD03E628B1427400BCD22F /* EdamamAPIRequest.swift in Sources */,
				8597102828B0766B00A350BE /* ViewController.swift in Sources */,
				85AD03E328B140AA00BCD22F /* RemoteError.swift in Sources */,
				8597102428B0766B00A350BE /* AppDelegate.swift in Sources */,
				85AD03DB28B13F7000BCD22F /* Settings.swift in Sources */,
				8597102628B0766B00A350BE /* SceneDelegate.swift in Sources */,
				85AD03E128B140A000BCD22F /* Product.swift in Sources */,
			);
			runOnlyForDeploymentPostprocessing = 0;
		};
		8597103228B0766D00A350BE /* Sources */ = {
			isa = PBXSourcesBuildPhase;
			buildActionMask = 2147483647;
			files = (
				8597103B28B0766D00A350BE /* RecipesAppDemoTests.swift in Sources */,
			);
			runOnlyForDeploymentPostprocessing = 0;
		};
		8597103C28B0766D00A350BE /* Sources */ = {
			isa = PBXSourcesBuildPhase;
			buildActionMask = 2147483647;
			files = (
				8597104528B0766D00A350BE /* RecipesAppDemoUITests.swift in Sources */,
				8597104728B0766D00A350BE /* RecipesAppDemoUITestsLaunchTests.swift in Sources */,
			);
			runOnlyForDeploymentPostprocessing = 0;
		};
/* End PBXSourcesBuildPhase section */

/* Begin PBXTargetDependency section */
		8597103828B0766D00A350BE /* PBXTargetDependency */ = {
			isa = PBXTargetDependency;
			target = 8597101F28B0766B00A350BE /* RecipesAppDemo */;
			targetProxy = 8597103728B0766D00A350BE /* PBXContainerItemProxy */;
		};
		8597104228B0766D00A350BE /* PBXTargetDependency */ = {
			isa = PBXTargetDependency;
			target = 8597101F28B0766B00A350BE /* RecipesAppDemo */;
			targetProxy = 8597104128B0766D00A350BE /* PBXContainerItemProxy */;
		};
/* End PBXTargetDependency section */

/* Begin PBXVariantGroup section */
		8597102928B0766B00A350BE /* Main.storyboard */ = {
			isa = PBXVariantGroup;
			children = (
				8597102A28B0766B00A350BE /* Base */,
			);
			name = Main.storyboard;
			sourceTree = "<group>";
		};
		8597102E28B0766C00A350BE /* LaunchScreen.storyboard */ = {
			isa = PBXVariantGroup;
			children = (
				8597102F28B0766C00A350BE /* Base */,
			);
			name = LaunchScreen.storyboard;
			sourceTree = "<group>";
		};
/* End PBXVariantGroup section */

/* Begin XCBuildConfiguration section */
		8597104828B0766D00A350BE /* Debug */ = {
			isa = XCBuildConfiguration;
			buildSettings = {
				ALWAYS_SEARCH_USER_PATHS = NO;
				CLANG_ANALYZER_NONNULL = YES;
				CLANG_ANALYZER_NUMBER_OBJECT_CONVERSION = YES_AGGRESSIVE;
				CLANG_CXX_LANGUAGE_STANDARD = "gnu++17";
				CLANG_ENABLE_MODULES = YES;
				CLANG_ENABLE_OBJC_ARC = YES;
				CLANG_ENABLE_OBJC_WEAK = YES;
				CLANG_WARN_BLOCK_CAPTURE_AUTORELEASING = YES;
				CLANG_WARN_BOOL_CONVERSION = YES;
				CLANG_WARN_COMMA = YES;
				CLANG_WARN_CONSTANT_CONVERSION = YES;
				CLANG_WARN_DEPRECATED_OBJC_IMPLEMENTATIONS = YES;
				CLANG_WARN_DIRECT_OBJC_ISA_USAGE = YES_ERROR;
				CLANG_WARN_DOCUMENTATION_COMMENTS = YES;
				CLANG_WARN_EMPTY_BODY = YES;
				CLANG_WARN_ENUM_CONVERSION = YES;
				CLANG_WARN_INFINITE_RECURSION = YES;
				CLANG_WARN_INT_CONVERSION = YES;
				CLANG_WARN_NON_LITERAL_NULL_CONVERSION = YES;
				CLANG_WARN_OBJC_IMPLICIT_RETAIN_SELF = YES;
				CLANG_WARN_OBJC_LITERAL_CONVERSION = YES;
				CLANG_WARN_OBJC_ROOT_CLASS = YES_ERROR;
				CLANG_WARN_QUOTED_INCLUDE_IN_FRAMEWORK_HEADER = YES;
				CLANG_WARN_RANGE_LOOP_ANALYSIS = YES;
				CLANG_WARN_STRICT_PROTOTYPES = YES;
				CLANG_WARN_SUSPICIOUS_MOVE = YES;
				CLANG_WARN_UNGUARDED_AVAILABILITY = YES_AGGRESSIVE;
				CLANG_WARN_UNREACHABLE_CODE = YES;
				CLANG_WARN__DUPLICATE_METHOD_MATCH = YES;
				COPY_PHASE_STRIP = NO;
				DEBUG_INFORMATION_FORMAT = dwarf;
				ENABLE_STRICT_OBJC_MSGSEND = YES;
				ENABLE_TESTABILITY = YES;
				GCC_C_LANGUAGE_STANDARD = gnu11;
				GCC_DYNAMIC_NO_PIC = NO;
				GCC_NO_COMMON_BLOCKS = YES;
				GCC_OPTIMIZATION_LEVEL = 0;
				GCC_PREPROCESSOR_DEFINITIONS = (
					"DEBUG=1",
					"$(inherited)",
				);
				GCC_WARN_64_TO_32_BIT_CONVERSION = YES;
				GCC_WARN_ABOUT_RETURN_TYPE = YES_ERROR;
				GCC_WARN_UNDECLARED_SELECTOR = YES;
				GCC_WARN_UNINITIALIZED_AUTOS = YES_AGGRESSIVE;
				GCC_WARN_UNUSED_FUNCTION = YES;
				GCC_WARN_UNUSED_VARIABLE = YES;
				IPHONEOS_DEPLOYMENT_TARGET = 15.5;
				MTL_ENABLE_DEBUG_INFO = INCLUDE_SOURCE;
				MTL_FAST_MATH = YES;
				ONLY_ACTIVE_ARCH = YES;
				SDKROOT = iphoneos;
				SWIFT_ACTIVE_COMPILATION_CONDITIONS = DEBUG;
				SWIFT_OPTIMIZATION_LEVEL = "-Onone";
			};
			name = Debug;
		};
		8597104928B0766D00A350BE /* Release */ = {
			isa = XCBuildConfiguration;
			buildSettings = {
				ALWAYS_SEARCH_USER_PATHS = NO;
				CLANG_ANALYZER_NONNULL = YES;
				CLANG_ANALYZER_NUMBER_OBJECT_CONVERSION = YES_AGGRESSIVE;
				CLANG_CXX_LANGUAGE_STANDARD = "gnu++17";
				CLANG_ENABLE_MODULES = YES;
				CLANG_ENABLE_OBJC_ARC = YES;
				CLANG_ENABLE_OBJC_WEAK = YES;
				CLANG_WARN_BLOCK_CAPTURE_AUTORELEASING = YES;
				CLANG_WARN_BOOL_CONVERSION = YES;
				CLANG_WARN_COMMA = YES;
				CLANG_WARN_CONSTANT_CONVERSION = YES;
				CLANG_WARN_DEPRECATED_OBJC_IMPLEMENTATIONS = YES;
				CLANG_WARN_DIRECT_OBJC_ISA_USAGE = YES_ERROR;
				CLANG_WARN_DOCUMENTATION_COMMENTS = YES;
				CLANG_WARN_EMPTY_BODY = YES;
				CLANG_WARN_ENUM_CONVERSION = YES;
				CLANG_WARN_INFINITE_RECURSION = YES;
				CLANG_WARN_INT_CONVERSION = YES;
				CLANG_WARN_NON_LITERAL_NULL_CONVERSION = YES;
				CLANG_WARN_OBJC_IMPLICIT_RETAIN_SELF = YES;
				CLANG_WARN_OBJC_LITERAL_CONVERSION = YES;
				CLANG_WARN_OBJC_ROOT_CLASS = YES_ERROR;
				CLANG_WARN_QUOTED_INCLUDE_IN_FRAMEWORK_HEADER = YES;
				CLANG_WARN_RANGE_LOOP_ANALYSIS = YES;
				CLANG_WARN_STRICT_PROTOTYPES = YES;
				CLANG_WARN_SUSPICIOUS_MOVE = YES;
				CLANG_WARN_UNGUARDED_AVAILABILITY = YES_AGGRESSIVE;
				CLANG_WARN_UNREACHABLE_CODE = YES;
				CLANG_WARN__DUPLICATE_METHOD_MATCH = YES;
				COPY_PHASE_STRIP = NO;
				DEBUG_INFORMATION_FORMAT = "dwarf-with-dsym";
				ENABLE_NS_ASSERTIONS = NO;
				ENABLE_STRICT_OBJC_MSGSEND = YES;
				GCC_C_LANGUAGE_STANDARD = gnu11;
				GCC_NO_COMMON_BLOCKS = YES;
				GCC_WARN_64_TO_32_BIT_CONVERSION = YES;
				GCC_WARN_ABOUT_RETURN_TYPE = YES_ERROR;
				GCC_WARN_UNDECLARED_SELECTOR = YES;
				GCC_WARN_UNINITIALIZED_AUTOS = YES_AGGRESSIVE;
				GCC_WARN_UNUSED_FUNCTION = YES;
				GCC_WARN_UNUSED_VARIABLE = YES;
				IPHONEOS_DEPLOYMENT_TARGET = 15.5;
				MTL_ENABLE_DEBUG_INFO = NO;
				MTL_FAST_MATH = YES;
				SDKROOT = iphoneos;
				SWIFT_COMPILATION_MODE = wholemodule;
				SWIFT_OPTIMIZATION_LEVEL = "-O";
				VALIDATE_PRODUCT = YES;
			};
			name = Release;
		};
		8597104B28B0766D00A350BE /* Debug */ = {
			isa = XCBuildConfiguration;
			baseConfigurationReference = 4C99F0D5FFDD3F79DAF3D0A1 /* Pods-RecipesAppDemo.debug.xcconfig */;
			buildSettings = {
				ASSETCATALOG_COMPILER_APPICON_NAME = AppIcon;
				ASSETCATALOG_COMPILER_GLOBAL_ACCENT_COLOR_NAME = AccentColor;
				CODE_SIGN_STYLE = Automatic;
				CURRENT_PROJECT_VERSION = 1;
				DEVELOPMENT_TEAM = D9ACXVN2BM;
				GENERATE_INFOPLIST_FILE = YES;
				INFOPLIST_FILE = RecipesAppDemo/Info.plist;
				INFOPLIST_KEY_UIApplicationSupportsIndirectInputEvents = YES;
				INFOPLIST_KEY_UILaunchStoryboardName = LaunchScreen;
				INFOPLIST_KEY_UIMainStoryboardFile = Main;
				INFOPLIST_KEY_UISupportedInterfaceOrientations_iPad = "UIInterfaceOrientationPortrait UIInterfaceOrientationPortraitUpsideDown UIInterfaceOrientationLandscapeLeft UIInterfaceOrientationLandscapeRight";
				INFOPLIST_KEY_UISupportedInterfaceOrientations_iPhone = "UIInterfaceOrientationPortrait UIInterfaceOrientationLandscapeLeft UIInterfaceOrientationLandscapeRight";
				IPHONEOS_DEPLOYMENT_TARGET = 13.0;
				LD_RUNPATH_SEARCH_PATHS = (
					"$(inherited)",
					"@executable_path/Frameworks",
				);
				MARKETING_VERSION = 1.0;
				PRODUCT_BUNDLE_IDENTIFIER = "omar-ahmed.RecipesAppDemo";
				PRODUCT_NAME = "$(TARGET_NAME)";
				SWIFT_EMIT_LOC_STRINGS = YES;
				SWIFT_VERSION = 5.0;
				TARGETED_DEVICE_FAMILY = "1,2";
			};
			name = Debug;
		};
		8597104C28B0766D00A350BE /* Release */ = {
			isa = XCBuildConfiguration;
			baseConfigurationReference = D966D883AD40A8249A3787B7 /* Pods-RecipesAppDemo.release.xcconfig */;
			buildSettings = {
				ASSETCATALOG_COMPILER_APPICON_NAME = AppIcon;
				ASSETCATALOG_COMPILER_GLOBAL_ACCENT_COLOR_NAME = AccentColor;
				CODE_SIGN_STYLE = Automatic;
				CURRENT_PROJECT_VERSION = 1;
				DEVELOPMENT_TEAM = D9ACXVN2BM;
				GENERATE_INFOPLIST_FILE = YES;
				INFOPLIST_FILE = RecipesAppDemo/Info.plist;
				INFOPLIST_KEY_UIApplicationSupportsIndirectInputEvents = YES;
				INFOPLIST_KEY_UILaunchStoryboardName = LaunchScreen;
				INFOPLIST_KEY_UIMainStoryboardFile = Main;
				INFOPLIST_KEY_UISupportedInterfaceOrientations_iPad = "UIInterfaceOrientationPortrait UIInterfaceOrientationPortraitUpsideDown UIInterfaceOrientationLandscapeLeft UIInterfaceOrientationLandscapeRight";
				INFOPLIST_KEY_UISupportedInterfaceOrientations_iPhone = "UIInterfaceOrientationPortrait UIInterfaceOrientationLandscapeLeft UIInterfaceOrientationLandscapeRight";
				IPHONEOS_DEPLOYMENT_TARGET = 13.0;
				LD_RUNPATH_SEARCH_PATHS = (
					"$(inherited)",
					"@executable_path/Frameworks",
				);
				MARKETING_VERSION = 1.0;
				PRODUCT_BUNDLE_IDENTIFIER = "omar-ahmed.RecipesAppDemo";
				PRODUCT_NAME = "$(TARGET_NAME)";
				SWIFT_EMIT_LOC_STRINGS = YES;
				SWIFT_VERSION = 5.0;
				TARGETED_DEVICE_FAMILY = "1,2";
			};
			name = Release;
		};
		8597104E28B0766D00A350BE /* Debug */ = {
			isa = XCBuildConfiguration;
			baseConfigurationReference = 0A2D149AD5B5D0366AD69832 /* Pods-RecipesAppDemoTests.debug.xcconfig */;
			buildSettings = {
				ALWAYS_EMBED_SWIFT_STANDARD_LIBRARIES = YES;
				BUNDLE_LOADER = "$(TEST_HOST)";
				CODE_SIGN_STYLE = Automatic;
				CURRENT_PROJECT_VERSION = 1;
				DEVELOPMENT_TEAM = D9ACXVN2BM;
				GENERATE_INFOPLIST_FILE = YES;
				IPHONEOS_DEPLOYMENT_TARGET = 15.5;
				MARKETING_VERSION = 1.0;
				PRODUCT_BUNDLE_IDENTIFIER = "omar-ahmed.RecipesAppDemoTests";
				PRODUCT_NAME = "$(TARGET_NAME)";
				SWIFT_EMIT_LOC_STRINGS = NO;
				SWIFT_VERSION = 5.0;
				TARGETED_DEVICE_FAMILY = "1,2";
				TEST_HOST = "$(BUILT_PRODUCTS_DIR)/RecipesAppDemo.app/RecipesAppDemo";
			};
			name = Debug;
		};
		8597104F28B0766D00A350BE /* Release */ = {
			isa = XCBuildConfiguration;
			baseConfigurationReference = 59362CD07B81E66D67F396DE /* Pods-RecipesAppDemoTests.release.xcconfig */;
			buildSettings = {
				ALWAYS_EMBED_SWIFT_STANDARD_LIBRARIES = YES;
				BUNDLE_LOADER = "$(TEST_HOST)";
				CODE_SIGN_STYLE = Automatic;
				CURRENT_PROJECT_VERSION = 1;
				DEVELOPMENT_TEAM = D9ACXVN2BM;
				GENERATE_INFOPLIST_FILE = YES;
				IPHONEOS_DEPLOYMENT_TARGET = 15.5;
				MARKETING_VERSION = 1.0;
				PRODUCT_BUNDLE_IDENTIFIER = "omar-ahmed.RecipesAppDemoTests";
				PRODUCT_NAME = "$(TARGET_NAME)";
				SWIFT_EMIT_LOC_STRINGS = NO;
				SWIFT_VERSION = 5.0;
				TARGETED_DEVICE_FAMILY = "1,2";
				TEST_HOST = "$(BUILT_PRODUCTS_DIR)/RecipesAppDemo.app/RecipesAppDemo";
			};
			name = Release;
		};
		8597105128B0766D00A350BE /* Debug */ = {
			isa = XCBuildConfiguration;
			baseConfigurationReference = 006EA9E20DB2CB85D727BDEA /* Pods-RecipesAppDemo-RecipesAppDemoUITests.debug.xcconfig */;
			buildSettings = {
				ALWAYS_EMBED_SWIFT_STANDARD_LIBRARIES = YES;
				CODE_SIGN_STYLE = Automatic;
				CURRENT_PROJECT_VERSION = 1;
				DEVELOPMENT_TEAM = D9ACXVN2BM;
				GENERATE_INFOPLIST_FILE = YES;
				MARKETING_VERSION = 1.0;
				PRODUCT_BUNDLE_IDENTIFIER = "omar-ahmed.RecipesAppDemoUITests";
				PRODUCT_NAME = "$(TARGET_NAME)";
				SWIFT_EMIT_LOC_STRINGS = NO;
				SWIFT_VERSION = 5.0;
				TARGETED_DEVICE_FAMILY = "1,2";
				TEST_TARGET_NAME = RecipesAppDemo;
			};
			name = Debug;
		};
		8597105228B0766D00A350BE /* Release */ = {
			isa = XCBuildConfiguration;
			baseConfigurationReference = FF84B0BA9E9C52AD1B3436CC /* Pods-RecipesAppDemo-RecipesAppDemoUITests.release.xcconfig */;
			buildSettings = {
				ALWAYS_EMBED_SWIFT_STANDARD_LIBRARIES = YES;
				CODE_SIGN_STYLE = Automatic;
				CURRENT_PROJECT_VERSION = 1;
				DEVELOPMENT_TEAM = D9ACXVN2BM;
				GENERATE_INFOPLIST_FILE = YES;
				MARKETING_VERSION = 1.0;
				PRODUCT_BUNDLE_IDENTIFIER = "omar-ahmed.RecipesAppDemoUITests";
				PRODUCT_NAME = "$(TARGET_NAME)";
				SWIFT_EMIT_LOC_STRINGS = NO;
				SWIFT_VERSION = 5.0;
				TARGETED_DEVICE_FAMILY = "1,2";
				TEST_TARGET_NAME = RecipesAppDemo;
			};
			name = Release;
		};
/* End XCBuildConfiguration section */

/* Begin XCConfigurationList section */
		8597101B28B0766B00A350BE /* Build configuration list for PBXProject "RecipesAppDemo" */ = {
			isa = XCConfigurationList;
			buildConfigurations = (
				8597104828B0766D00A350BE /* Debug */,
				8597104928B0766D00A350BE /* Release */,
			);
			defaultConfigurationIsVisible = 0;
			defaultConfigurationName = Release;
		};
		8597104A28B0766D00A350BE /* Build configuration list for PBXNativeTarget "RecipesAppDemo" */ = {
			isa = XCConfigurationList;
			buildConfigurations = (
				8597104B28B0766D00A350BE /* Debug */,
				8597104C28B0766D00A350BE /* Release */,
			);
			defaultConfigurationIsVisible = 0;
			defaultConfigurationName = Release;
		};
		8597104D28B0766D00A350BE /* Build configuration list for PBXNativeTarget "RecipesAppDemoTests" */ = {
			isa = XCConfigurationList;
			buildConfigurations = (
				8597104E28B0766D00A350BE /* Debug */,
				8597104F28B0766D00A350BE /* Release */,
			);
			defaultConfigurationIsVisible = 0;
			defaultConfigurationName = Release;
		};
		8597105028B0766D00A350BE /* Build configuration list for PBXNativeTarget "RecipesAppDemoUITests" */ = {
			isa = XCConfigurationList;
			buildConfigurations = (
				8597105128B0766D00A350BE /* Debug */,
				8597105228B0766D00A350BE /* Release */,
			);
			defaultConfigurationIsVisible = 0;
			defaultConfigurationName = Release;
		};
/* End XCConfigurationList section */
	};
	rootObject = 8597101828B0766B00A350BE /* Project object */;
}
